
Microsoft Visual Studio Solution File, Format Version 12.00
# Visual Studio Version 17
VisualStudioVersion = 17.3.32922.545
MinimumVisualStudioVersion = 10.0.40219.1
Project("{FAE04EC0-301F-11D3-BF4B-00C04F79EFBC}") = "EmailApplication", "EmailApplication\EmailApplication.csproj", "{CD0C8439-C607-4A6F-87B1-DC96351F0474}"
EndProject
Project("{FAE04EC0-301F-11D3-BF4B-00C04F79EFBC}") = "Test", "Test\Test.csproj", "{CB4DBF47-9909-4CEE-AF50-27A924E4F4A2}"
EndProject
Project("{2150E333-8FDC-42A3-9474-1A3956D46DE8}") = "Host", "Host", "{0C0E5C9C-F44A-4AD6-AC00-27D3E6B5DB52}"
EndProject
Project("{FAE04EC0-301F-11D3-BF4B-00C04F79EFBC}") = "MailDomain", "MailDomain\MailDomain.csproj", "{01EE7CA3-0811-4B81-B7C2-35DFA361B4A5}"
EndProject
Project("{FAE04EC0-301F-11D3-BF4B-00C04F79EFBC}") = "MailService", "MailService\MailService.csproj", "{E85E9075-21E1-4BF7-AA59-BDE5C71E222F}"
EndProject
Global
	GlobalSection(SolutionConfigurationPlatforms) = preSolution
		Debug|Any CPU = Debug|Any CPU
		Release|Any CPU = Release|Any CPU
	EndGlobalSection
	GlobalSection(ProjectConfigurationPlatforms) = postSolution
		{CD0C8439-C607-4A6F-87B1-DC96351F0474}.Debug|Any CPU.ActiveCfg = Debug|Any CPU
		{CD0C8439-C607-4A6F-87B1-DC96351F0474}.Debug|Any CPU.Build.0 = Debug|Any CPU
		{CD0C8439-C607-4A6F-87B1-DC96351F0474}.Release|Any CPU.ActiveCfg = Release|Any CPU
		{CD0C8439-C607-4A6F-87B1-DC96351F0474}.Release|Any CPU.Build.0 = Release|Any CPU
		{CB4DBF47-9909-4CEE-AF50-27A924E4F4A2}.Debug|Any CPU.ActiveCfg = Debug|Any CPU
		{CB4DBF47-9909-4CEE-AF50-27A924E4F4A2}.Debug|Any CPU.Build.0 = Debug|Any CPU
		{CB4DBF47-9909-4CEE-AF50-27A924E4F4A2}.Release|Any CPU.ActiveCfg = Release|Any CPU
		{CB4DBF47-9909-4CEE-AF50-27A924E4F4A2}.Release|Any CPU.Build.0 = Release|Any CPU
		{01EE7CA3-0811-4B81-B7C2-35DFA361B4A5}.Debug|Any CPU.ActiveCfg = Debug|Any CPU
		{01EE7CA3-0811-4B81-B7C2-35DFA361B4A5}.Debug|Any CPU.Build.0 = Debug|Any CPU
		{01EE7CA3-0811-4B81-B7C2-35DFA361B4A5}.Release|Any CPU.ActiveCfg = Release|Any CPU
		{01EE7CA3-0811-4B81-B7C2-35DFA361B4A5}.Release|Any CPU.Build.0 = Release|Any CPU
		{E85E9075-21E1-4BF7-AA59-BDE5C71E222F}.Debug|Any CPU.ActiveCfg = Debug|Any CPU
		{E85E9075-21E1-4BF7-AA59-BDE5C71E222F}.Debug|Any CPU.Build.0 = Debug|Any CPU
		{E85E9075-21E1-4BF7-AA59-BDE5C71E222F}.Release|Any CPU.ActiveCfg = Release|Any CPU
		{E85E9075-21E1-4BF7-AA59-BDE5C71E222F}.Release|Any CPU.Build.0 = Release|Any CPU
	EndGlobalSection
	GlobalSection(SolutionProperties) = preSolution
		HideSolutionNode = FALSE
	EndGlobalSection
	GlobalSection(NestedProjects) = preSolution
		{CD0C8439-C607-4A6F-87B1-DC96351F0474} = {0C0E5C9C-F44A-4AD6-AC00-27D3E6B5DB52}
		{01EE7CA3-0811-4B81-B7C2-35DFA361B4A5} = {0C0E5C9C-F44A-4AD6-AC00-27D3E6B5DB52}
		{E85E9075-21E1-4BF7-AA59-BDE5C71E222F} = {0C0E5C9C-F44A-4AD6-AC00-27D3E6B5DB52}
	EndGlobalSection
	GlobalSection(ExtensibilityGlobals) = postSolution
		SolutionGuid = {83C55823-CDA4-44D1-9752-92F933556D83}
	EndGlobalSection
EndGlobal
